
Microsoft Visual Studio Solution File, Format Version 12.00
# Visual Studio Version 17
VisualStudioVersion = 17.5.33516.290
MinimumVisualStudioVersion = 10.0.40219.1
Project("{9A19103F-16F7-4668-BE54-9A1E7A4F7556}") = "Nowadays", "Nowadays\Nowadays.csproj", "{7B58298F-F814-4465-9BC7-7DDC0EB0D4AD}"
EndProject
Project("{FAE04EC0-301F-11D3-BF4B-00C04F79EFBC}") = "Nowadays.Core", "src\Nowadays.Core\Nowadays.Core.csproj", "{1C7BA080-9074-4E54-87B3-CFCCB2EA2D6E}"
EndProject
Project("{FAE04EC0-301F-11D3-BF4B-00C04F79EFBC}") = "Nowadays.DataAccess", "src\Nowadays.DataAccess\Nowadays.DataAccess.csproj", "{EF97270B-657D-4CE1-B470-439427A3F884}"
EndProject
Global
	GlobalSection(SolutionConfigurationPlatforms) = preSolution
		Debug|Any CPU = Debug|Any CPU
		Release|Any CPU = Release|Any CPU
	EndGlobalSection
	GlobalSection(ProjectConfigurationPlatforms) = postSolution
		{7B58298F-F814-4465-9BC7-7DDC0EB0D4AD}.Debug|Any CPU.ActiveCfg = Debug|Any CPU
		{7B58298F-F814-4465-9BC7-7DDC0EB0D4AD}.Debug|Any CPU.Build.0 = Debug|Any CPU
		{7B58298F-F814-4465-9BC7-7DDC0EB0D4AD}.Release|Any CPU.ActiveCfg = Release|Any CPU
		{7B58298F-F814-4465-9BC7-7DDC0EB0D4AD}.Release|Any CPU.Build.0 = Release|Any CPU
		{1C7BA080-9074-4E54-87B3-CFCCB2EA2D6E}.Debug|Any CPU.ActiveCfg = Debug|Any CPU
		{1C7BA080-9074-4E54-87B3-CFCCB2EA2D6E}.Debug|Any CPU.Build.0 = Debug|Any CPU
		{1C7BA080-9074-4E54-87B3-CFCCB2EA2D6E}.Release|Any CPU.ActiveCfg = Release|Any CPU
		{1C7BA080-9074-4E54-87B3-CFCCB2EA2D6E}.Release|Any CPU.Build.0 = Release|Any CPU
		{EF97270B-657D-4CE1-B470-439427A3F884}.Debug|Any CPU.ActiveCfg = Debug|Any CPU
		{EF97270B-657D-4CE1-B470-439427A3F884}.Debug|Any CPU.Build.0 = Debug|Any CPU
		{EF97270B-657D-4CE1-B470-439427A3F884}.Release|Any CPU.ActiveCfg = Release|Any CPU
		{EF97270B-657D-4CE1-B470-439427A3F884}.Release|Any CPU.Build.0 = Release|Any CPU
	EndGlobalSection
	GlobalSection(SolutionProperties) = preSolution
		HideSolutionNode = FALSE
	EndGlobalSection
	GlobalSection(ExtensibilityGlobals) = postSolution
		SolutionGuid = {1DE10EBA-4C97-4676-B388-604F3B4245FA}
	EndGlobalSection
EndGlobal
